# This file is automatically @generated by Cargo.
# It is not intended for manual editing.
[[package]]
name = "libc"
version = "0.2.68"
source = "registry+https://github.com/rust-lang/crates.io-index"
checksum = "dea0c0405123bba743ee3f91f49b1c7cfb684eef0da0a50110f758ccf24cdff0"

[[package]]
name = "libpulse-binding"
version = "2.15.0"
source = "registry+https://github.com/rust-lang/crates.io-index"
checksum = "bf6cf349b1f74f14bffd8f7897c4043a6b53eb1893159b3c628005624661f06f"
dependencies = [
 "libc",
 "libpulse-sys",
 "winapi",
]

[[package]]
name = "libpulse-simple-binding"
version = "2.15.0"
source = "registry+https://github.com/rust-lang/crates.io-index"
checksum = "b37d0e197487fc00ac6f560d9cce7c1e33951a5f2358c47397a477df1ff99317"
dependencies = [
 "libpulse-binding",
 "libpulse-simple-sys",
 "libpulse-sys",
]

[[package]]
name = "libpulse-simple-sys"
version = "1.12.1"
source = "registry+https://github.com/rust-lang/crates.io-index"
checksum = "63ec4ead758215fc3f704364f79a8e5532db6c265d4f62d138e0ee332cc7e89f"
dependencies = [
 "libpulse-sys",
 "pkg-config",
]

[[package]]
name = "libpulse-sys"
version = "1.12.1"
source = "registry+https://github.com/rust-lang/crates.io-index"
checksum = "53b35bb99a41910a408c28cafbdd6708584a2cbc90a57b82f1f08b13413cf094"
dependencies = [
 "libc",
 "pkg-config",
 "winapi",
]

[[package]]
name = "pkg-config"
version = "0.3.17"
source = "registry+https://github.com/rust-lang/crates.io-index"
checksum = "05da548ad6865900e60eaba7f589cc0783590a92e940c26953ff81ddbab2d677"

[[package]]
name = "rust"
version = "0.1.0"
dependencies = [
 "libpulse-binding",
 "libpulse-simple-binding",
]

[[package]]
name = "winapi"
version = "0.3.8"
source = "registry+https://github.com/rust-lang/crates.io-index"
checksum = "8093091eeb260906a183e6ae1abdba2ef5ef2257a21801128899c3fc699229c6"
dependencies = [
 "winapi-i686-pc-windows-gnu",
 "winapi-x86_64-pc-windows-gnu",
]

[[package]]
name = "winapi-i686-pc-windows-gnu"
version = "0.4.0"
source = "registry+https://github.com/rust-lang/crates.io-index"
checksum = "ac3b87c63620426dd9b991e5ce0329eff545bccbbb34f3be09ff6fb6ab51b7b6"

[[package]]
name = "winapi-x86_64-pc-windows-gnu"
version = "0.4.0"
source = "registry+https://github.com/rust-lang/crates.io-index"
checksum = "712e227841d057c1ee1cd2fb22fa7e5a5461ae8e48fa2ca79ec42cfc1931183f"
